
Microsoft Visual Studio Solution File, Format Version 12.00
# Visual Studio Version 17
VisualStudioVersion = 17.1.32228.430
MinimumVisualStudioVersion = 10.0.40219.1
Project("{FAE04EC0-301F-11D3-BF4B-00C04F79EFBC}") = "CardLibrary", "CardLibrary.csproj", "{A0A054C1-46F0-440D-96EE-30FD53A4FAF7}"
EndProject
Global
	GlobalSection(SolutionConfigurationPlatforms) = preSolution
		Debug|Any CPU = Debug|Any CPU
		Release|Any CPU = Release|Any CPU
	EndGlobalSection
	GlobalSection(ProjectConfigurationPlatforms) = postSolution
		{A0A054C1-46F0-440D-96EE-30FD53A4FAF7}.Debug|Any CPU.ActiveCfg = Debug|Any CPU
		{A0A054C1-46F0-440D-96EE-30FD53A4FAF7}.Debug|Any CPU.Build.0 = Debug|Any CPU
		{A0A054C1-46F0-440D-96EE-30FD53A4FAF7}.Release|Any CPU.ActiveCfg = Release|Any CPU
		{A0A054C1-46F0-440D-96EE-30FD53A4FAF7}.Release|Any CPU.Build.0 = Release|Any CPU
	EndGlobalSection
	GlobalSection(SolutionProperties) = preSolution
		HideSolutionNode = FALSE
	EndGlobalSection
	GlobalSection(ExtensibilityGlobals) = postSolution
		SolutionGuid = {89577D7B-E905-4B29-A9FB-924C54A2DB2B}
	EndGlobalSection
EndGlobal
